
Microsoft Visual Studio Solution File, Format Version 12.00
# Visual Studio Version 16
VisualStudioVersion = 16.0.29025.244
MinimumVisualStudioVersion = 10.0.40219.1
Project("{9A19103F-16F7-4668-BE54-9A1E7A4F7556}") = "S3Doodles", "S3Doodles\S3Doodles.csproj", "{F6CEFF3E-2AD6-43D6-BF7F-FB8374E31638}"
EndProject
Global
	GlobalSection(SolutionConfigurationPlatforms) = preSolution
		Debug|Any CPU = Debug|Any CPU
		Release|Any CPU = Release|Any CPU
	EndGlobalSection
	GlobalSection(ProjectConfigurationPlatforms) = postSolution
		{F6CEFF3E-2AD6-43D6-BF7F-FB8374E31638}.Debug|Any CPU.ActiveCfg = Debug|Any CPU
		{F6CEFF3E-2AD6-43D6-BF7F-FB8374E31638}.Debug|Any CPU.Build.0 = Debug|Any CPU
		{F6CEFF3E-2AD6-43D6-BF7F-FB8374E31638}.Release|Any CPU.ActiveCfg = Release|Any CPU
		{F6CEFF3E-2AD6-43D6-BF7F-FB8374E31638}.Release|Any CPU.Build.0 = Release|Any CPU
	EndGlobalSection
	GlobalSection(SolutionProperties) = preSolution
		HideSolutionNode = FALSE
	EndGlobalSection
	GlobalSection(ExtensibilityGlobals) = postSolution
		SolutionGuid = {C61DF60A-E8CB-40C4-8AEF-389DF3D54171}
	EndGlobalSection
EndGlobal
